{
    "_readme": [
        "This file locks the dependencies of your project to a known state",
        "Read more about it at https://getcomposer.org/doc/01-basic-usage.md#installing-dependencies",
        "This file is @generated automatically"
    ],
    "content-hash": "5902476fb3edfdf5ac09f5eb4abacef9",
    "packages": [
        {
            "name": "ipip/db",
            "version": "v1.0.0",
            "source": {
                "type": "git",
                "url": "https://github.com/ipipdotnet/ipdb-php.git",
                "reference": "af42bf28b37dc76beccd7bbe2b0b0572e21f42cf"
            },
            "dist": {
                "type": "zip",
                "url": "https://api.github.com/repos/ipipdotnet/ipdb-php/zipball/af42bf28b37dc76beccd7bbe2b0b0572e21f42cf",
                "reference": "af42bf28b37dc76beccd7bbe2b0b0572e21f42cf",
                "shasum": ""
            },
            "require": {
                "php": ">=5.4.0"
            },
            "type": "library",
            "autoload": {
                "psr-4": {
                    "ipip\\db\\": "src/ipip/db/"
                }
            },
            "notification-url": "https://packagist.org/downloads/",
            "license": [
                "Apache-2.0"
            ],
            "authors": [
                {
                    "name": "IPIP.net",
                    "email": "frk@ipip.net",
                    "homepage": "https://www.ipip.net"
                }
            ],
            "description": "IPIP.net officially supported IP database ipdb format parsing library",
            "homepage": "https://www.ipip.net",
            "keywords": [
                "IP",
                "geo",
                "geoip",
                "geolocation",
                "ipdb",
                "ipip.net"
            ],
            "time": "2018-11-01T08:07:04+00:00"
        },
        {
            "name": "libern/qr-code-reader",
            "version": "v1.0.6",
            "source": {
                "type": "git",
                "url": "https://github.com/libern/qr-code-reader.git",
                "reference": "f5443ef16ca145ceaf21df7d28efee3771989ee5"
            },
            "dist": {
                "type": "zip",
                "url": "https://api.github.com/repos/libern/qr-code-reader/zipball/f5443ef16ca145ceaf21df7d28efee3771989ee5",
                "reference": "f5443ef16ca145ceaf21df7d28efee3771989ee5",
                "shasum": ""
            },
            "require": {
                "php": ">=5.3.0"
            },
            "type": "library",
            "autoload": {
                "psr-4": {
                    "Libern\\QRCodeReader\\": "src/"
                }
            },
            "notification-url": "https://packagist.org/downloads/",
            "license": [
                "MIT"
            ],
            "authors": [
                {
                    "name": "Libern Lin",
                    "email": "libernlin@gmail.com"
                }
            ],
            "description": "Simple PHP QR Code Reader / Decoder",
            "homepage": "https://github.com/libern/qr-code-reader",
            "keywords": [
                "laravel",
                "qr code decoder",
                "qr code reader"
            ],
            "time": "2017-06-02T12:56:55+00:00"
        },
        {
            "name": "vlucas/phpdotenv",
            "version": "v2.5.1",
            "source": {
                "type": "git",
                "url": "https://github.com/vlucas/phpdotenv.git",
                "reference": "8abb4f9aa89ddea9d52112c65bbe8d0125e2fa8e"
            },
            "dist": {
                "type": "zip",
                "url": "https://api.github.com/repos/vlucas/phpdotenv/zipball/8abb4f9aa89ddea9d52112c65bbe8d0125e2fa8e",
                "reference": "8abb4f9aa89ddea9d52112c65bbe8d0125e2fa8e",
                "shasum": ""
            },
            "require": {
                "php": ">=5.3.9"
            },
            "require-dev": {
                "phpunit/phpunit": "^4.8.35 || ^5.0"
            },
            "type": "library",
            "extra": {
                "branch-alias": {
                    "dev-master": "2.5-dev"
                }
            },
            "autoload": {
                "psr-4": {
                    "Dotenv\\": "src/"
                }
            },
            "notification-url": "https://packagist.org/downloads/",
            "license": [
                "BSD-3-Clause"
            ],
            "authors": [
                {
                    "name": "Vance Lucas",
                    "email": "vance@vancelucas.com",
                    "homepage": "http://www.vancelucas.com"
                }
            ],
            "description": "Loads environment variables from `.env` to `getenv()`, `$_ENV` and `$_SERVER` automagically.",
            "keywords": [
                "dotenv",
                "env",
                "environment"
            ],
            "time": "2018-07-29T20:33:41+00:00"
        }
    ],
    "packages-dev": [],
    "aliases": [],
    "minimum-stability": "stable",
    "stability-flags": [],
    "prefer-stable": false,
    "prefer-lowest": false,
    "platform": [],
    "platform-dev": []
}
